
Microsoft Visual Studio Solution File, Format Version 12.00
# Visual Studio Version 17
VisualStudioVersion = 17.2.32630.192
MinimumVisualStudioVersion = 10.0.40219.1
Project("{FAE04EC0-301F-11D3-BF4B-00C04F79EFBC}") = "NZWalks.API", "NZWalks.API\NZWalks.API.csproj", "{FB0FA487-FAC7-442B-AD31-FB614AA707E8}"
EndProject
Global
	GlobalSection(SolutionConfigurationPlatforms) = preSolution
		Debug|Any CPU = Debug|Any CPU
		Release|Any CPU = Release|Any CPU
	EndGlobalSection
	GlobalSection(ProjectConfigurationPlatforms) = postSolution
		{FB0FA487-FAC7-442B-AD31-FB614AA707E8}.Debug|Any CPU.ActiveCfg = Debug|Any CPU
		{FB0FA487-FAC7-442B-AD31-FB614AA707E8}.Debug|Any CPU.Build.0 = Debug|Any CPU
		{FB0FA487-FAC7-442B-AD31-FB614AA707E8}.Release|Any CPU.ActiveCfg = Release|Any CPU
		{FB0FA487-FAC7-442B-AD31-FB614AA707E8}.Release|Any CPU.Build.0 = Release|Any CPU
	EndGlobalSection
	GlobalSection(SolutionProperties) = preSolution
		HideSolutionNode = FALSE
	EndGlobalSection
	GlobalSection(ExtensibilityGlobals) = postSolution
		SolutionGuid = {FB70D93D-0837-40A9-AC7C-5FC0CAECF38E}
	EndGlobalSection
EndGlobal
